{
    "_meta": {
        "hash": {
            "sha256": "0592db41e690cd6536b250c7185fc370fbc7f25e835dd85be2e5cda9b1d14fde"
        },
        "pipfile-spec": 6,
        "requires": {
            "python_version": "3.12"
        },
        "sources": [
            {
                "name": "pypi",
                "url": "https://pypi.org/simple",
                "verify_ssl": true
            }
        ]
    },
    "default": {
        "bcrypt": {
            "hashes": [
                "sha256:041fa0155c9004eb98a232d54da05c0b41d4b8e66b6fc3cb71b4b3f6144ba837",
                "sha256:04e56e3fe8308a88b77e0afd20bec516f74aecf391cdd6e374f15cbed32783d6",
                "sha256:1340411a0894b7d3ef562fb233e4b6ed58add185228650942bdc885362f32c17",
                "sha256:533e7f3bcf2f07caee7ad98124fab7499cb3333ba2274f7a36cf1daee7409d99",
                "sha256:6765386e3ab87f569b276988742039baab087b2cdb01e809d74e74503c2faafe",
                "sha256:687cf30e6681eeda39548a93ce9bfbb300e48b4d445a43db4298d2474d2a1e54",
                "sha256:76132c176a6d9953cdc83c296aeaed65e1a708485fd55abf163e0d9f8f16ce0e",
                "sha256:76d3e352b32f4eeb34703370e370997065d28a561e4a18afe4fef07249cb4396",
                "sha256:807261df60a8b1ccd13e6599c779014a362ae4e795f5c59747f60208daddd96d",
                "sha256:89df2aea2c43be1e1fa066df5f86c8ce822ab70a30e4c210968669565c0f4685",
                "sha256:8ad2f4528cbf0febe80e5a3a57d7a74e6635e41af1ea5675282a33d769fba413",
                "sha256:8c458cd103e6c5d1d85cf600e546a639f234964d0228909d8f8dbeebff82d526",
                "sha256:8dbd0747208912b1e4ce730c6725cb56c07ac734b3629b60d4398f082ea718ad",
                "sha256:909faa1027900f2252a9ca5dfebd25fc0ef1417943824783d1c8418dd7d6df4a",
                "sha256:aaa2e285be097050dba798d537b6efd9b698aa88eef52ec98d23dcd6d7cf6fea",
                "sha256:adadd36274510a01f33e6dc08f5824b97c9580583bd4487c564fc4617b328005",
                "sha256:b1ee315739bc8387aa36ff127afc99120ee452924e0df517a8f3e4c0187a0f5f",
                "sha256:b588af02b89d9fad33e5f98f7838bf590d6d692df7153647724a7f20c186f6bf",
                "sha256:b7703ede632dc945ed1172d6f24e9f30f27b1b1a067f32f68bf169c5f08d0425",
                "sha256:c6f5fa3775966cca251848d4d5393ab016b3afed251163c1436fefdec3b02c84",
                "sha256:cde78d385d5e93ece5479a0a87f73cd6fa26b171c786a884f955e165032b262c",
                "sha256:cfdf3d7530c790432046c40cda41dfee8c83e29482e6a604f8930b9930e94139",
                "sha256:e158009a54c4c8bc91d5e0da80920d048f918c61a581f0a63e4e93bb556d362f",
                "sha256:e84e0e6f8e40a242b11bce56c313edc2be121cec3e0ec2d76fce01f6af33c07c",
                "sha256:f85b1ffa09240c89aa2e1ae9f3b1c687104f7b2b9d2098da4e923f1b7082d331"
            ],
            "index": "pypi",
            "markers": "python_version >= '3.7'",
            "version": "==4.2.1"
        },
        "cffi": {
            "hashes": [
                "sha256:045d61c734659cc045141be4bae381a41d89b741f795af1dd018bfb532fd0df8",
                "sha256:0984a4925a435b1da406122d4d7968dd861c1385afe3b45ba82b750f229811e2",
                "sha256:0e2b1fac190ae3ebfe37b979cc1ce69c81f4e4fe5746bb401dca63a9062cdaf1",
                "sha256:0f048dcf80db46f0098ccac01132761580d28e28bc0f78ae0d58048063317e15",
                "sha256:1257bdabf294dceb59f5e70c64a3e2f462c30c7ad68092d01bbbfb1c16b1ba36",
                "sha256:1c39c6016c32bc48dd54561950ebd6836e1670f2ae46128f67cf49e789c52824",
                "sha256:1d599671f396c4723d016dbddb72fe8e0397082b0a77a4fab8028923bec050e8",
                "sha256:28b16024becceed8c6dfbc75629e27788d8a3f9030691a1dbf9821a128b22c36",
                "sha256:2bb1a08b8008b281856e5971307cc386a8e9c5b625ac297e853d36da6efe9c17",
                "sha256:30c5e0cb5ae493c04c8b42916e52ca38079f1b235c2f8ae5f4527b963c401caf",
                "sha256:31000ec67d4221a71bd3f67df918b1f88f676f1c3b535a7eb473255fdc0b83fc",
                "sha256:386c8bf53c502fff58903061338ce4f4950cbdcb23e2902d86c0f722b786bbe3",
                "sha256:3edc8d958eb099c634dace3c7e16560ae474aa3803a5df240542b305d14e14ed",
                "sha256:45398b671ac6d70e67da8e4224a065cec6a93541bb7aebe1b198a61b58c7b702",
                "sha256:46bf43160c1a35f7ec506d254e5c890f3c03648a4dbac12d624e4490a7046cd1",
                "sha256:4ceb10419a9adf4460ea14cfd6bc43d08701f0835e979bf821052f1805850fe8",
                "sha256:51392eae71afec0d0c8fb1a53b204dbb3bcabcb3c9b807eedf3e1e6ccf2de903",
                "sha256:5da5719280082ac6bd9aa7becb3938dc9f9cbd57fac7d2871717b1feb0902ab6",
                "sha256:610faea79c43e44c71e1ec53a554553fa22321b65fae24889706c0a84d4ad86d",
                "sha256:636062ea65bd0195bc012fea9321aca499c0504409f413dc88af450b57ffd03b",
                "sha256:6883e737d7d9e4899a8a695e00ec36bd4e5e4f18fabe0aca0efe0a4b44cdb13e",
                "sha256:6b8b4a92e1c65048ff98cfe1f735ef8f1ceb72e3d5f0c25fdb12087a23da22be",
                "sha256:6f17be4345073b0a7b8ea599688f692ac3ef23ce28e5df79c04de519dbc4912c",
                "sha256:706510fe141c86a69c8ddc029c7910003a17353970cff3b904ff0686a5927683",
                "sha256:72e72408cad3d5419375fc87d289076ee319835bdfa2caad331e377589aebba9",
                "sha256:733e99bc2df47476e3848417c5a4540522f234dfd4ef3ab7fafdf555b082ec0c",
                "sha256:7596d6620d3fa590f677e9ee430df2958d2d6d6de2feeae5b20e82c00b76fbf8",
                "sha256:78122be759c3f8a014ce010908ae03364d00a1f81ab5c7f4a7a5120607ea56e1",
                "sha256:805b4371bf7197c329fcb3ead37e710d1bca9da5d583f5073b799d5c5bd1eee4",
                "sha256:85a950a4ac9c359340d5963966e3e0a94a676bd6245a4b55bc43949eee26a655",
                "sha256:8f2cdc858323644ab277e9bb925ad72ae0e67f69e804f4898c070998d50b1a67",
                "sha256:9755e4345d1ec879e3849e62222a18c7174d65a6a92d5b346b1863912168b595",
                "sha256:98e3969bcff97cae1b2def8ba499ea3d6f31ddfdb7635374834cf89a1a08ecf0",
                "sha256:a08d7e755f8ed21095a310a693525137cfe756ce62d066e53f502a83dc550f65",
                "sha256:a1ed2dd2972641495a3ec98445e09766f077aee98a1c896dcb4ad0d303628e41",
                "sha256:a24ed04c8ffd54b0729c07cee15a81d964e6fee0e3d4d342a27b020d22959dc6",
                "sha256:a45e3c6913c5b87b3ff120dcdc03f6131fa0065027d0ed7ee6190736a74cd401",
                "sha256:a9b15d491f3ad5d692e11f6b71f7857e7835eb677955c00cc0aefcd0669adaf6",
                "sha256:ad9413ccdeda48c5afdae7e4fa2192157e991ff761e7ab8fdd8926f40b160cc3",
                "sha256:b2ab587605f4ba0bf81dc0cb08a41bd1c0a5906bd59243d56bad7668a6fc6c16",
                "sha256:b62ce867176a75d03a665bad002af8e6d54644fad99a3c70905c543130e39d93",
                "sha256:c03e868a0b3bc35839ba98e74211ed2b05d2119be4e8a0f224fba9384f1fe02e",
                "sha256:c59d6e989d07460165cc5ad3c61f9fd8f1b4796eacbd81cee78957842b834af4",
                "sha256:c7eac2ef9b63c79431bc4b25f1cd649d7f061a28808cbc6c47b534bd789ef964",
                "sha256:c9c3d058ebabb74db66e431095118094d06abf53284d9c81f27300d0e0d8bc7c",
                "sha256:ca74b8dbe6e8e8263c0ffd60277de77dcee6c837a3d0881d8c1ead7268c9e576",
                "sha256:caaf0640ef5f5517f49bc275eca1406b0ffa6aa184892812030f04c2abf589a0",
                "sha256:cdf5ce3acdfd1661132f2a9c19cac174758dc2352bfe37d98aa7512c6b7178b3",
                "sha256:d016c76bdd850f3c626af19b0542c9677ba156e4ee4fccfdd7848803533ef662",
                "sha256:d01b12eeeb4427d3110de311e1774046ad344f5b1a7403101878976ecd7a10f3",
                "sha256:d63afe322132c194cf832bfec0dc69a99fb9bb6bbd550f161a49e9e855cc78ff",
                "sha256:da95af8214998d77a98cc14e3a3bd00aa191526343078b530ceb0bd710fb48a5",
                "sha256:dd398dbc6773384a17fe0d3e7eeb8d1a21c2200473ee6806bb5e6a8e62bb73dd",
                "sha256:de2ea4b5833625383e464549fec1bc395c1bdeeb5f25c4a3a82b5a8c756ec22f",
                "sha256:de55b766c7aa2e2a3092c51e0483d700341182f08e67c63630d5b6f200bb28e5",
                "sha256:df8b1c11f177bc2313ec4b2d46baec87a5f3e71fc8b45dab2ee7cae86d9aba14",
                "sha256:e03eab0a8677fa80d646b5ddece1cbeaf556c313dcfac435ba11f107ba117b5d",
                "sha256:e221cf152cff04059d011ee126477f0d9588303eb57e88923578ace7baad17f9",
                "sha256:e31ae45bc2e29f6b2abd0de1cc3b9d5205aa847cafaecb8af1476a609a2f6eb7",
                "sha256:edae79245293e15384b51f88b00613ba9f7198016a5948b5dddf4917d4d26382",
                "sha256:f1e22e8c4419538cb197e4dd60acc919d7696e5ef98ee4da4e01d3f8cfa4cc5a",
                "sha256:f3a2b4222ce6b60e2e8b337bb9596923045681d71e5a082783484d845390938e",
                "sha256:f6a16c31041f09ead72d69f583767292f750d24913dadacf5756b966aacb3f1a",
                "sha256:f75c7ab1f9e4aca5414ed4d8e5c0e303a34f4421f8a0d47a4d019ceff0ab6af4",
                "sha256:f79fc4fc25f1c8698ff97788206bb3c2598949bfe0fef03d299eb1b5356ada99",
                "sha256:f7f5baafcc48261359e14bcd6d9bff6d4b28d9103847c9e136694cb0501aef87",
                "sha256:fc48c783f9c87e60831201f2cce7f3b2e4846bf4d8728eabe54d60700b318a0b"
            ],
            "markers": "python_version >= '3.8'",
            "version": "==1.17.1"
        },
        "colorama": {
            "hashes": [
                "sha256:08695f5cb7ed6e0531a20572697297273c47b8cae5a63ffc6d6ed5c201be6e44",
                "sha256:4f1d9991f5acc0ca119f9d443620b77f9d6b33703e51011c16baf57afb285fc6"
            ],
            "markers": "python_version >= '2.7' and python_version not in '3.0, 3.1, 3.2, 3.3, 3.4, 3.5, 3.6'",
            "version": "==0.4.6"
        },
        "cryptography": {
            "hashes": [
                "sha256:1923cb251c04be85eec9fda837661c67c1049063305d6be5721643c22dd4e2b7",
                "sha256:37d76e6863da3774cd9db5b409a9ecfd2c71c981c38788d3fcfaf177f447b731",
                "sha256:3c672a53c0fb4725a29c303be906d3c1fa99c32f58abe008a82705f9ee96f40b",
                "sha256:404fdc66ee5f83a1388be54300ae978b2efd538018de18556dde92575e05defc",
                "sha256:4ac4c9f37eba52cb6fbeaf5b59c152ea976726b865bd4cf87883a7e7006cc543",
                "sha256:62901fb618f74d7d81bf408c8719e9ec14d863086efe4185afd07c352aee1d2c",
                "sha256:660cb7312a08bc38be15b696462fa7cc7cd85c3ed9c576e81f4dc4d8b2b31591",
                "sha256:708ee5f1bafe76d041b53a4f95eb28cdeb8d18da17e597d46d7833ee59b97ede",
                "sha256:761817a3377ef15ac23cd7834715081791d4ec77f9297ee694ca1ee9c2c7e5eb",
                "sha256:831c3c4d0774e488fdc83a1923b49b9957d33287de923d58ebd3cec47a0ae43f",
                "sha256:84111ad4ff3f6253820e6d3e58be2cc2a00adb29335d4cacb5ab4d4d34f2a123",
                "sha256:8b3e6eae66cf54701ee7d9c83c30ac0a1e3fa17be486033000f2a73a12ab507c",
                "sha256:9e6fc8a08e116fb7c7dd1f040074c9d7b51d74a8ea40d4df2fc7aa08b76b9e6c",
                "sha256:a01956ddfa0a6790d594f5b34fc1bfa6098aca434696a03cfdbe469b8ed79285",
                "sha256:abc998e0c0eee3c8a1904221d3f67dcfa76422b23620173e28c11d3e626c21bd",
                "sha256:b15492a11f9e1b62ba9d73c210e2416724633167de94607ec6069ef724fad092",
                "sha256:be4ce505894d15d5c5037167ffb7f0ae90b7be6f2a98f9a5c3442395501c32fa",
                "sha256:c5eb858beed7835e5ad1faba59e865109f3e52b3783b9ac21e7e47dc5554e289",
                "sha256:cd4e834f340b4293430701e772ec543b0fbe6c2dea510a5286fe0acabe153a02",
                "sha256:d2436114e46b36d00f8b72ff57e598978b37399d2786fd39793c36c6d5cb1c64",
                "sha256:eb33480f1bad5b78233b0ad3e1b0be21e8ef1da745d8d2aecbb20671658b9053",
                "sha256:eca27345e1214d1b9f9490d200f9db5a874479be914199194e746c893788d417",
                "sha256:ed3534eb1090483c96178fcb0f8893719d96d5274dfde98aa6add34614e97c8e",
                "sha256:f3f6fdfa89ee2d9d496e2c087cebef9d4fcbb0ad63c40e821b39f74bf48d9c5e",
                "sha256:f53c2c87e0fb4b0c00fa9571082a057e37690a8f12233306161c8f4b819960b7",
                "sha256:f5e7cb1e5e56ca0933b4873c0220a78b773b24d40d186b6738080b73d3d0a756",
                "sha256:f677e1268c4e23420c3acade68fac427fffcb8d19d7df95ed7ad17cdef8404f4"
            ],
            "index": "pypi",
            "markers": "python_version >= '3.7' and python_full_version not in '3.9.0, 3.9.1'",
            "version": "==44.0.0"
        },
        "customtkinter": {
            "hashes": [
                "sha256:14ad3e7cd3cb3b9eb642b9d4e8711ae80d3f79fb82545ad11258eeffb2e6b37c",
                "sha256:fd8db3bafa961c982ee6030dba80b4c2e25858630756b513986db19113d8d207"
            ],
            "index": "pypi",
            "markers": "python_version >= '3.7'",
            "version": "==5.2.2"
        },
        "cx-freeze": {
            "hashes": [
                "sha256:0064f3de0dea0ee3a89cc864b13b1bd0382d163e28e23518e7cce5efd94a87a6",
                "sha256:05dac0676586eed96fbde187fd63ace05ec0c4462ec64367a7d47af0d266008e",
                "sha256:0c8512d24a7dcf3b35bd1e17f9e2d6f6a75e227aff243cd00c1aa4668b64ec01",
                "sha256:3131a443473c21e019317419a9b3a82b2ae1cec5c76bce6c9e2f36f41803720a",
                "sha256:344276a8354e4688c20dd3cf70c143d7666f1b93f56532ba9549718c2fac4e56",
                "sha256:34d0ec5a41d59c55878711cf3812f46444d71f911c8ed1de467591c36aed9d6d",
                "sha256:3b1cdb80b75e142a3e85e71721edd8c423ff41a974dfe9436a09593129446ebf",
                "sha256:41c6fd1e77a733fc1a0f4e3678e136726cc45a11b37ff5722ac18afdad703934",
                "sha256:4ef57f4102a658e10704619294180b17a2d6c6595ff3753c9557b05e6a928c7f",
                "sha256:546192ab868b9a4123c252d2fdd0af349b71242ae9706fff201b1c3dabe928c0",
                "sha256:58280540d54fd248120fa9acb1ac9d229fa9b508297f855da05e3f4ed9255a2e",
                "sha256:58dbe6c30ab6583cf52f1b38a2f0901a57c80dee84f01271c9e6cfe3b7476ed0",
                "sha256:5ea3f05d31a7432b0516a58e4b7301277c0a5ac693597d531d9ca913d79169ce",
                "sha256:5fd56b5bfc37d38cc64700b8f17ff76632dcb03f739ca5b0f6038f8ab39e136d",
                "sha256:638f0107a95c639633cff2e84f9ec55b6687612a460a5f42e1ffc36a8c30e51d",
                "sha256:6523d10c7066de2d17f60daac8256169e330f207b786ee1d071273b4a1e7c1fc",
                "sha256:65e900cec673dc9bf6b8e21a760b3964b5b20b2586f274184c4c474c78e343f3",
                "sha256:6e22b449cf401a7d152e97a5feec71b492083067ca0336b74eb988fbfebfb3a6",
                "sha256:77866e408abe64869361590dc6aba8d57d7e7ab4693c06f1334eabc5d7155361",
                "sha256:839140debb42792be2ff6f0e8b261f3e230d0dfe71164c06ee8fa1bbaf2ff1a9",
                "sha256:8fff35321128f680a825d28074edd14b81bdd68b98128d4fa655c6c8901de3ce",
                "sha256:909784281dad31c92c0f402894d99a6188bb81f22b593d9d55fc437d54ab35e0",
                "sha256:93179c236c3e1e64b6b8101d9012a8084df74736ed5cf10047721b4c7c2076ef",
                "sha256:97a227c567e86b7d3b83ab5f96f96070b2396943c47d7c64d643770944acd5c5",
                "sha256:9859ba95a103f3b684553e4728fece150cf42b91c9f28873c661a6a3cbc3e226",
                "sha256:9a727914e702d98648def98626b13864413a4a5d52b8bd7f6f0d8ffaf7b9207f",
                "sha256:9b1a27ce838d4c262264e3aa6a5e7c5d4468a870ee873e3a49269a8752ab61fa",
                "sha256:a1de14dc9960ae4065d053bcd5a801ef51761c7f92998f5a42810098eb337102",
                "sha256:a5a27b2a1925138e122435ef3d52c281d185a57d1f67e08232ea61be83174cd0",
                "sha256:aa7e75e8dd4ffce44465141c2857fcf5fb5a31dfbcabbbee9929b55e79f051e2",
                "sha256:b7b1fe00f689a0c06197bef07ba3dce985d768c405e0042dfa796bbafa53d6b4",
                "sha256:c34a6e85897f5cb1be84a204feef564adb6f1c753626bf0cf7713a8c4809ed27",
                "sha256:c359c8333ea798373428f87fc6a56c6d89bdba6f974a55b7c3d6259342ff7036",
                "sha256:c4d43a4e5357352ac5a89203fda3a8cfadf033d43682f73abbefd3860ce50fb4",
                "sha256:ca1ae3b12abc6472f9e9ab6e66265941e044770f29bc64db7c545eff5611af68",
                "sha256:ca1e82671db7ba48993a52bc351e34115eb2c5c91d8549d3ab60d717b941e6a3",
                "sha256:caa77cbbcb0665c6e5a5b2e31a13b63e99201a8f258244bcfc1aed737484070f",
                "sha256:cdb6725bc74e6e501b3289f6b58604bec94e0790f7bd5112e6f35c3e2638c6eb",
                "sha256:d00dc0bf7ed9a30491ec34bfb8f4347446afae506febc2afc2531ecbf9db94bf",
                "sha256:da55ecd56e5e05f9485151d9af0abf18150f86ce4c2734d9a71fabba3f3cd524",
                "sha256:dd3da95443bf0bc7eb1df23f55a35f42449f1d211c5edde59a2bd811030141c6",
                "sha256:e065227b26477bfe8e0a2adc1e7b6bd318c7e0690b60bf1b2370598e5696c598",
                "sha256:e324896652b44f06e8fecd0da706bad37311a639a1128bbd41cb19cf3069d4f1",
                "sha256:e36fe7ad2974db158293672c9f1ae750e9e08fda56b6281760a23b77770bd240",
                "sha256:fc4ab1bd795dc7c985418fff3431bd6a3712df2e84e2f98d8c65d3a748fb5e14",
                "sha256:ff3587628a73d46e1d9d7c8d7ed6e6fe1b4c7aebbeb034b923b6fabdbbe5149f"
            ],
            "index": "pypi",
            "markers": "python_version >= '3.8'",
            "version": "==7.2.7"
        },
        "cx-logging": {
            "hashes": [
                "sha256:12b37b33478a37c34cf5afa976ccf5bc441f13781f60f0dd206a4ab63cccf24a",
                "sha256:15e9eee263168f2015cbc7e921775d6f08db15b127c3c48b23080ec190f2bc66",
                "sha256:1ad36493c59f452709813d8b5b34164aae7c576445e9d5758ce4dfe1ea2561ed",
                "sha256:26b707221077119606195fc14a65df2f21bd7bea78b383528ae8df4ea4298246",
                "sha256:330a29030bdca8795c99b678b4f6d87a75fb606eed1da206fdd9fa579a33dc21",
                "sha256:3452add0544db6ff29116b72a4c48761aaffa9b638728330433853c0c4ad2ea1",
                "sha256:3f3de06cf09d5986b39e930c213567c340b3237dfce03d8d3bf6099475eaa02e",
                "sha256:42f48fae8254b6de27710b6bfd34467fde88072d5961f67e88914d7e2bb6c13e",
                "sha256:4f6366871aa70439c4e3c25c3bb3dd70e8ee98bc190fd30862d7b199948b26f8",
                "sha256:4fb0d7c6dc9a8c403e4c62a3be87301946102d036fbe7bd66c6851225ac05a2e",
                "sha256:710ca06a6cdd56a7c8e866c70e0a4dc92453e7000355b8dca07dac008ca57b6e",
                "sha256:800ce5a99a40f091b3671f9e174a6695e4cc30193b3b1aafb7f4712459ec080c",
                "sha256:812665ae5012680a6fe47095c3772bce638e47cf05b2c3483db3bdbe6b06da44",
                "sha256:8f4d60a1a1508e88f2dab78494a1a8fd417ce335f94c01b0d443560cf8838115",
                "sha256:9418ca19ef435865815f3c60f60412993cf6823fe99882c9c8adeaaabe61ea07",
                "sha256:c2bab892db2b1c18aaea2bc3dec001a73274fc4496c2c6d749144f179a8e2041",
                "sha256:d57d9633671be935b83be86c43309f261fbe8ea5da704d96756999ede727f1e9",
                "sha256:e03e6ab69b7782b30eff481cabdb12b4f4693b684c8954af773b523e64f6211b",
                "sha256:e14748b031522a95aa2db4adfc5f2be5f96f4d0fe687da591114f73a09e66926",
                "sha256:ef526f0ddeba8611942ee76f2117cebb6319a2413b4077c2c1bf0947a61b9148",
                "sha256:f27755fbed447fc78f5e2aaf9aa2e75fd699ce0cd6e01649edd36eebe4db26e9"
            ],
            "markers": "python_version >= '3.9'",
            "version": "==3.2.1"
        },
        "darkdetect": {
            "hashes": [
                "sha256:a7509ccf517eaad92b31c214f593dbcf138ea8a43b2935406bbd565e15527a85",
                "sha256:b5428e1170263eb5dea44c25dc3895edd75e6f52300986353cd63533fe7df8b1"
            ],
            "markers": "python_version >= '3.6'",
            "version": "==0.8.0"
        },
        "iniconfig": {
            "hashes": [
                "sha256:2d91e135bf72d31a410b17c16da610a82cb55f6b0477d1a902134b24a455b8b3",
                "sha256:b6a85871a79d2e3b22d2d1b94ac2824226a63c6b741c88f7ae975f18b6778374"
            ],
            "markers": "python_version >= '3.7'",
            "version": "==2.0.0"
        },
        "lief": {
            "hashes": [
                "sha256:0616e6048f269d262ff93d67c497ebff3c1d3965ffb9427b0f2b474764fd2e8c",
                "sha256:0750c892fd3b7161a3c2279f25fe1844427610c3a5a4ae23f65674ced6f93ea5",
                "sha256:0805301e8fef9b13da00c33c831fb0c05ea892309230f3a35551c2dfaf69b11d",
                "sha256:0d10e5b22e86bbf2d1e3877b604ffd8860c852b6bc00fca681fe1432f5018fe9",
                "sha256:12e53dc0253c303df386ae45487a2f0078026602b36d0e09e838ae1d4dbef958",
                "sha256:13285c3ff5ef6de2421d85684c954905af909db0ad3472e33c475e5f0f657dcf",
                "sha256:1a96f17c2085ef38d12ad81427ae8a5d6ad76f0bc62a1e1f5fe384255cd2cc94",
                "sha256:1e11e046ad71fe8c81e1a8d1d207fe2b99c967d33ce79c3d3915cb8f5ecacf52",
                "sha256:20508c52de0dffcee3242253541609590167a3e56150cbacb506fdbb822206ef",
                "sha256:28bf0922de5fb74502a29cc47930d3a052df58dc23ab6519fa590e564f194a60",
                "sha256:382a189514c0e6ebfb41e0db6106936c7ba94d8400651276add2899ff3570585",
                "sha256:38b9cee48f42c355359ad7e3ff18bf1ec95e518238e4e8fb25657a49169dbf4c",
                "sha256:3e49bd595a8548683bead982bc15b064257fea3110fd15e22fb3feb17d97ad1c",
                "sha256:4dedeab498c312a29b58f16b739895f65fa54b2a21b8d98b111e99ad3f7e30a8",
                "sha256:4e47324736d6aa559421720758de4ce12d04fb56bdffa3dcc051fe8cdd42ed17",
                "sha256:517dc5dad31c754720a80a87ad9e6cb1e48223d4505980c2fd86072bd4f69001",
                "sha256:536a4ecd46b295b3acac0d60a68d1646480b7761ade862c6c87ccbb41229fae3",
                "sha256:5af7dcb9c3f44baaf60875df6ba9af6777db94776cc577ee86143bcce105ba2f",
                "sha256:674b620cdf1d686f52450fd97c1056d4c92e55af8217ce85a1b2efaf5b32140b",
                "sha256:6a08b2e512a80040429febddc777768c949bcd53f6f580e902e41ec0d9d936b8",
                "sha256:7580defe140e921bc4f210e8a6cb115fcf2923f00d37800b1626168cbca95108",
                "sha256:785a3aa14575f046ed9c8d44ea222ea14c697cd03b5331d1717b5b0cf4f72466",
                "sha256:82e6308ad8bd4bc7eadee3502ede13a5bb398725f25513a0396c8dba850f58a1",
                "sha256:84bf310710369544e2bb82f83d7fdab5b5ac422651184fde8bf9e35f14439691",
                "sha256:864f17ecf1736296e6d5fc38b11983f9d19a5e799f094e21e20d58bfb1b95b80",
                "sha256:8ac3cd099be2580d0e15150b1d2f5095c38f150af89993ddf390d7897ee8135f",
                "sha256:8fb58efb77358291109d2675d5459399c0794475b497992d0ecee18a4a46a207",
                "sha256:932f880ee8a130d663a97a9099516d8570b1b303af7816e70a02f9931d5ef4c2",
                "sha256:a079a76bca23aa73c850ab5beb7598871a1bf44662658b952cead2b5ddd31bee",
                "sha256:a80246b96501b2b1d4927ceb3cb817eda9333ffa9e07101358929a6cffca5dae",
                "sha256:a8634ea79d6d9862297fadce025519ab25ff01fcadb333cf42967c6295f0d057",
                "sha256:b9217578f7a45f667503b271da8481207fb4edda8d4a53e869fb922df6030484",
                "sha256:c0119306b6a38759483136de7242b7c2e0a23f1de1d4ae53f12792c279607410",
                "sha256:c2ec738bcafee8a569741f4a749f0596823b12f10713306c7d0cbbf85759f51c",
                "sha256:d0f10d80202de9634a16786b53ba3a8f54ae8b9a9e124a964d83212444486087",
                "sha256:d5852a246361bbefa4c1d5930741765a2337638d65cfe30de1b7d61f9a54b865",
                "sha256:d7044553cf07c8a2ab6e21874f07585610d996ff911b9af71dc6085a89f59daa",
                "sha256:d780af1762022b8e01b613253af490afea3864fbd6b5a49c6de7cea8fde0443d",
                "sha256:db38619edf70e27fb3686b8c0f0bec63ad494ac88ab51660c5ecd2720b506e41",
                "sha256:dbdcd70fd23c90017705b7fe6c716f0a69c01d0d0ea7a2ff653d83dc4a61fefb",
                "sha256:dde1c8f8ebe0ee9db4f2302c87ae3cacb9898dc412e0d7da07a8e4e834ac5158",
                "sha256:ddf2ebd73766169594d631b35f84c49ef42871de552ad49f36002c60164d0aca",
                "sha256:de9453f94866e0f2c36b6bd878625880080e7e5800788f5cbc06a76debf283b9",
                "sha256:e732619acc34943b504c867258fc0196f1931f72c2a627219d4f116a7acc726d",
                "sha256:e9b96a37bf11ca777ff305d85d957eabad2a92a6e577b6e2fb3ab79514e5a12e",
                "sha256:f9757ff0c7c3d6f66e5fdcc6a9df69680fad0dc2707d64a3428f0825dfce1a85",
                "sha256:fa020f3ed6e95bb110a4316af544021b74027d18bf4671339d4cffec27aa5884",
                "sha256:fcd489ff80860bcc2b2689faa330a46b6d66f0ee3e0f6ef9e643e2b996128a06"
            ],
            "markers": "python_version >= '3.8'",
            "version": "==0.15.1"
        },
        "packaging": {
            "hashes": [
                "sha256:09abb1bccd265c01f4a3aa3f7a7db064b36514d2cba19a2f694fe6150451a759",
                "sha256:c228a6dc5e932d346bc5739379109d49e8853dd8223571c7c5b55260edc0b97f"
            ],
            "markers": "python_version >= '3.8'",
            "version": "==24.2"
        },
        "pillow": {
            "hashes": [
                "sha256:00177a63030d612148e659b55ba99527803288cea7c75fb05766ab7981a8c1b7",
                "sha256:006bcdd307cc47ba43e924099a038cbf9591062e6c50e570819743f5607404f5",
                "sha256:084a07ef0821cfe4858fe86652fffac8e187b6ae677e9906e192aafcc1b69903",
                "sha256:0ae08bd8ffc41aebf578c2af2f9d8749d91f448b3bfd41d7d9ff573d74f2a6b2",
                "sha256:0e038b0745997c7dcaae350d35859c9715c71e92ffb7e0f4a8e8a16732150f38",
                "sha256:1187739620f2b365de756ce086fdb3604573337cc28a0d3ac4a01ab6b2d2a6d2",
                "sha256:16095692a253047fe3ec028e951fa4221a1f3ed3d80c397e83541a3037ff67c9",
                "sha256:1a61b54f87ab5786b8479f81c4b11f4d61702830354520837f8cc791ebba0f5f",
                "sha256:1c1d72714f429a521d8d2d018badc42414c3077eb187a59579f28e4270b4b0fc",
                "sha256:1e2688958a840c822279fda0086fec1fdab2f95bf2b717b66871c4ad9859d7e8",
                "sha256:20ec184af98a121fb2da42642dea8a29ec80fc3efbaefb86d8fdd2606619045d",
                "sha256:21a0d3b115009ebb8ac3d2ebec5c2982cc693da935f4ab7bb5c8ebe2f47d36f2",
                "sha256:224aaa38177597bb179f3ec87eeefcce8e4f85e608025e9cfac60de237ba6316",
                "sha256:2679d2258b7f1192b378e2893a8a0a0ca472234d4c2c0e6bdd3380e8dfa21b6a",
                "sha256:27a7860107500d813fcd203b4ea19b04babe79448268403172782754870dac25",
                "sha256:290f2cc809f9da7d6d622550bbf4c1e57518212da51b6a30fe8e0a270a5b78bd",
                "sha256:2e46773dc9f35a1dd28bd6981332fd7f27bec001a918a72a79b4133cf5291dba",
                "sha256:3107c66e43bda25359d5ef446f59c497de2b5ed4c7fdba0894f8d6cf3822dafc",
                "sha256:375b8dd15a1f5d2feafff536d47e22f69625c1aa92f12b339ec0b2ca40263273",
                "sha256:45c566eb10b8967d71bf1ab8e4a525e5a93519e29ea071459ce517f6b903d7fa",
                "sha256:499c3a1b0d6fc8213519e193796eb1a86a1be4b1877d678b30f83fd979811d1a",
                "sha256:4ad70c4214f67d7466bea6a08061eba35c01b1b89eaa098040a35272a8efb22b",
                "sha256:4b60c9520f7207aaf2e1d94de026682fc227806c6e1f55bba7606d1c94dd623a",
                "sha256:5178952973e588b3f1360868847334e9e3bf49d19e169bbbdfaf8398002419ae",
                "sha256:52a2d8323a465f84faaba5236567d212c3668f2ab53e1c74c15583cf507a0291",
                "sha256:598b4e238f13276e0008299bd2482003f48158e2b11826862b1eb2ad7c768b97",
                "sha256:5bd2d3bdb846d757055910f0a59792d33b555800813c3b39ada1829c372ccb06",
                "sha256:5c39ed17edea3bc69c743a8dd3e9853b7509625c2462532e62baa0732163a904",
                "sha256:5d203af30149ae339ad1b4f710d9844ed8796e97fda23ffbc4cc472968a47d0b",
                "sha256:5ddbfd761ee00c12ee1be86c9c0683ecf5bb14c9772ddbd782085779a63dd55b",
                "sha256:607bbe123c74e272e381a8d1957083a9463401f7bd01287f50521ecb05a313f8",
                "sha256:61b887f9ddba63ddf62fd02a3ba7add935d053b6dd7d58998c630e6dbade8527",
                "sha256:6619654954dc4936fcff82db8eb6401d3159ec6be81e33c6000dfd76ae189947",
                "sha256:674629ff60030d144b7bca2b8330225a9b11c482ed408813924619c6f302fdbb",
                "sha256:6ec0d5af64f2e3d64a165f490d96368bb5dea8b8f9ad04487f9ab60dc4bb6003",
                "sha256:6f4dba50cfa56f910241eb7f883c20f1e7b1d8f7d91c750cd0b318bad443f4d5",
                "sha256:70fbbdacd1d271b77b7721fe3cdd2d537bbbd75d29e6300c672ec6bb38d9672f",
                "sha256:72bacbaf24ac003fea9bff9837d1eedb6088758d41e100c1552930151f677739",
                "sha256:7326a1787e3c7b0429659e0a944725e1b03eeaa10edd945a86dead1913383944",
                "sha256:73853108f56df97baf2bb8b522f3578221e56f646ba345a372c78326710d3830",
                "sha256:73e3a0200cdda995c7e43dd47436c1548f87a30bb27fb871f352a22ab8dcf45f",
                "sha256:75acbbeb05b86bc53cbe7b7e6fe00fbcf82ad7c684b3ad82e3d711da9ba287d3",
                "sha256:8069c5179902dcdce0be9bfc8235347fdbac249d23bd90514b7a47a72d9fecf4",
                "sha256:846e193e103b41e984ac921b335df59195356ce3f71dcfd155aa79c603873b84",
                "sha256:8594f42df584e5b4bb9281799698403f7af489fba84c34d53d1c4bfb71b7c4e7",
                "sha256:86510e3f5eca0ab87429dd77fafc04693195eec7fd6a137c389c3eeb4cfb77c6",
                "sha256:8853a3bf12afddfdf15f57c4b02d7ded92c7a75a5d7331d19f4f9572a89c17e6",
                "sha256:88a58d8ac0cc0e7f3a014509f0455248a76629ca9b604eca7dc5927cc593c5e9",
                "sha256:8ba470552b48e5835f1d23ecb936bb7f71d206f9dfeee64245f30c3270b994de",
                "sha256:8c676b587da5673d3c75bd67dd2a8cdfeb282ca38a30f37950511766b26858c4",
                "sha256:8ec4a89295cd6cd4d1058a5e6aec6bf51e0eaaf9714774e1bfac7cfc9051db47",
                "sha256:94f3e1780abb45062287b4614a5bc0874519c86a777d4a7ad34978e86428b8dd",
                "sha256:9a0f748eaa434a41fccf8e1ee7a3eed68af1b690e75328fd7a60af123c193b50",
                "sha256:a5629742881bcbc1f42e840af185fd4d83a5edeb96475a575f4da50d6ede337c",
                "sha256:a65149d8ada1055029fcb665452b2814fe7d7082fcb0c5bed6db851cb69b2086",
                "sha256:b3c5ac4bed7519088103d9450a1107f76308ecf91d6dabc8a33a2fcfb18d0fba",
                "sha256:b4fd7bd29610a83a8c9b564d457cf5bd92b4e11e79a4ee4716a63c959699b306",
                "sha256:bcd1fb5bb7b07f64c15618c89efcc2cfa3e95f0e3bcdbaf4642509de1942a699",
                "sha256:c12b5ae868897c7338519c03049a806af85b9b8c237b7d675b8c5e089e4a618e",
                "sha256:c26845094b1af3c91852745ae78e3ea47abf3dbcd1cf962f16b9a5fbe3ee8488",
                "sha256:c6a660307ca9d4867caa8d9ca2c2658ab685de83792d1876274991adec7b93fa",
                "sha256:c809a70e43c7977c4a42aefd62f0131823ebf7dd73556fa5d5950f5b354087e2",
                "sha256:c8b2351c85d855293a299038e1f89db92a2f35e8d2f783489c6f0b2b5f3fe8a3",
                "sha256:cb929ca942d0ec4fac404cbf520ee6cac37bf35be479b970c4ffadf2b6a1cad9",
                "sha256:d2c0a187a92a1cb5ef2c8ed5412dd8d4334272617f532d4ad4de31e0495bd923",
                "sha256:d69bfd8ec3219ae71bcde1f942b728903cad25fafe3100ba2258b973bd2bc1b2",
                "sha256:daffdf51ee5db69a82dd127eabecce20729e21f7a3680cf7cbb23f0829189790",
                "sha256:e58876c91f97b0952eb766123bfef372792ab3f4e3e1f1a2267834c2ab131734",
                "sha256:eda2616eb2313cbb3eebbe51f19362eb434b18e3bb599466a1ffa76a033fb916",
                "sha256:ee217c198f2e41f184f3869f3e485557296d505b5195c513b2bfe0062dc537f1",
                "sha256:f02541ef64077f22bf4924f225c0fd1248c168f86e4b7abdedd87d6ebaceab0f",
                "sha256:f1b82c27e89fffc6da125d5eb0ca6e68017faf5efc078128cfaa42cf5cb38798",
                "sha256:fba162b8872d30fea8c52b258a542c5dfd7b235fb5cb352240c8d63b414013eb",
                "sha256:fbbcb7b57dc9c794843e3d1258c0fbf0f48656d46ffe9e09b63bbd6e8cd5d0a2",
                "sha256:fcb4621042ac4b7865c179bb972ed0da0218a076dc1820ffc48b1d74c1e37fe9"
            ],
            "index": "pypi",
            "markers": "python_version >= '3.9'",
            "version": "==11.0.0"
        },
        "pluggy": {
            "hashes": [
                "sha256:2cffa88e94fdc978c4c574f15f9e59b7f4201d439195c3715ca9e2486f1d0cf1",
                "sha256:44e1ad92c8ca002de6377e165f3e0f1be63266ab4d554740532335b9d75ea669"
            ],
            "markers": "python_version >= '3.8'",
            "version": "==1.5.0"
        },
        "pycparser": {
            "hashes": [
                "sha256:491c8be9c040f5390f5bf44a5b07752bd07f56edf992381b05c701439eec10f6",
                "sha256:c3702b6d3dd8c7abc1afa565d7e63d53a1d0bd86cdc24edd75470f4de499cfcc"
            ],
            "markers": "python_version >= '3.8'",
            "version": "==2.22"
        },
        "pytest": {
            "hashes": [
                "sha256:50e16d954148559c9a74109af1eaf0c945ba2d8f30f0a3d3335edde19788b6f6",
                "sha256:965370d062bce11e73868e0335abac31b4d3de0e82f4007408d242b4f8610761"
            ],
            "index": "pypi",
            "markers": "python_version >= '3.8'",
            "version": "==8.3.4"
        },
        "setuptools": {
            "hashes": [
                "sha256:84fb203f278ebcf5cd08f97d3fb96d3fbed4b629d500b29ad60d11e00769b183",
                "sha256:886ff7b16cd342f1d1defc16fc98c9ce3fde69e087a4e1983d7ab634e5f41f4f"
            ],
            "markers": "python_version >= '3.9'",
            "version": "==75.7.0"
        }
    },
    "develop": {}
}
